// !$*UTF8*$!
{
	archiveVersion = 1;
	classes = {
	};
	objectVersion = 51;
	objects = {

/* Begin PBXBuildFile section */
		012ECEAF9E9DF73FB1E5BA67 /* Pods_Mission05_Denny.framework in Frameworks */ = {isa = PBXBuildFile; fileRef = A6F7C4EEFA7A62F870471C5B /* Pods_Mission05_Denny.framework */; };
		4F02AB08C5AEC090B7A4B9F8 /* Pods_Mission05_DennyTests.framework in Frameworks */ = {isa = PBXBuildFile; fileRef = EBC47309BD12DCE323E18C42 /* Pods_Mission05_DennyTests.framework */; };
		92175B38E2AE9F0E33CBDD04 /* Pods_Mission05_Denny_Mission05_DennyUITests.framework in Frameworks */ = {isa = PBXBuildFile; fileRef = 2789A87C63F446BE4F1FF3A4 /* Pods_Mission05_Denny_Mission05_DennyUITests.framework */; };
		B03B6B06254514BC00DC941D /* AppDelegate.swift in Sources */ = {isa = PBXBuildFile; fileRef = B03B6B05254514BC00DC941D /* AppDelegate.swift */; };
		B03B6B0A254514BC00DC941D /* CarListViewController.swift in Sources */ = {isa = PBXBuildFile; fileRef = B03B6B09254514BC00DC941D /* CarListViewController.swift */; };
		B03B6B0D254514BC00DC941D /* Main.storyboard in Resources */ = {isa = PBXBuildFile; fileRef = B03B6B0B254514BC00DC941D /* Main.storyboard */; };
		B03B6B0F254514BD00DC941D /* Assets.xcassets in Resources */ = {isa = PBXBuildFile; fileRef = B03B6B0E254514BD00DC941D /* Assets.xcassets */; };
		B03B6B12254514BD00DC941D /* LaunchScreen.storyboard in Resources */ = {isa = PBXBuildFile; fileRef = B03B6B10254514BD00DC941D /* LaunchScreen.storyboard */; };
		B03B6B1D254514BD00DC941D /* Mission05_DennyTests.swift in Sources */ = {isa = PBXBuildFile; fileRef = B03B6B1C254514BD00DC941D /* Mission05_DennyTests.swift */; };
		B03B6B28254514BD00DC941D /* Mission05_DennyUITests.swift in Sources */ = {isa = PBXBuildFile; fileRef = B03B6B27254514BD00DC941D /* Mission05_DennyUITests.swift */; };
		B0C07E79254515B9001A2C90 /* CarModel.swift in Sources */ = {isa = PBXBuildFile; fileRef = B0C07E78254515B9001A2C90 /* CarModel.swift */; };
		B0C07E81254515C0001A2C90 /* DealerModel.swift in Sources */ = {isa = PBXBuildFile; fileRef = B0C07E80254515C0001A2C90 /* DealerModel.swift */; };
		B0C07E8C2545161E001A2C90 /* CarCartViewController.swift in Sources */ = {isa = PBXBuildFile; fileRef = B0C07E8B2545161E001A2C90 /* CarCartViewController.swift */; };
/* End PBXBuildFile section */

/* Begin PBXContainerItemProxy section */
		B03B6B19254514BD00DC941D /* PBXContainerItemProxy */ = {
			isa = PBXContainerItemProxy;
			containerPortal = B03B6AFA254514BC00DC941D /* Project object */;
			proxyType = 1;
			remoteGlobalIDString = B03B6B01254514BC00DC941D;
			remoteInfo = "Mission05-Denny";
		};
		B03B6B24254514BD00DC941D /* PBXContainerItemProxy */ = {
			isa = PBXContainerItemProxy;
			containerPortal = B03B6AFA254514BC00DC941D /* Project object */;
			proxyType = 1;
			remoteGlobalIDString = B03B6B01254514BC00DC941D;
			remoteInfo = "Mission05-Denny";
		};
/* End PBXContainerItemProxy section */

/* Begin PBXFileReference section */
		207015400491C85BF495B381 /* Pods-Mission05-Denny.release.xcconfig */ = {isa = PBXFileReference; includeInIndex = 1; lastKnownFileType = text.xcconfig; name = "Pods-Mission05-Denny.release.xcconfig"; path = "Target Support Files/Pods-Mission05-Denny/Pods-Mission05-Denny.release.xcconfig"; sourceTree = "<group>"; };
		2789A87C63F446BE4F1FF3A4 /* Pods_Mission05_Denny_Mission05_DennyUITests.framework */ = {isa = PBXFileReference; explicitFileType = wrapper.framework; includeInIndex = 0; path = Pods_Mission05_Denny_Mission05_DennyUITests.framework; sourceTree = BUILT_PRODUCTS_DIR; };
		98545F02047A31A58EA2726C /* Pods-Mission05-Denny-Mission05-DennyUITests.release.xcconfig */ = {isa = PBXFileReference; includeInIndex = 1; lastKnownFileType = text.xcconfig; name = "Pods-Mission05-Denny-Mission05-DennyUITests.release.xcconfig"; path = "Target Support Files/Pods-Mission05-Denny-Mission05-DennyUITests/Pods-Mission05-Denny-Mission05-DennyUITests.release.xcconfig"; sourceTree = "<group>"; };
		9A9E04EEF4D5A25DF61D1B85 /* Pods-Mission05-Denny.debug.xcconfig */ = {isa = PBXFileReference; includeInIndex = 1; lastKnownFileType = text.xcconfig; name = "Pods-Mission05-Denny.debug.xcconfig"; path = "Target Support Files/Pods-Mission05-Denny/Pods-Mission05-Denny.debug.xcconfig"; sourceTree = "<group>"; };
		A6F7C4EEFA7A62F870471C5B /* Pods_Mission05_Denny.framework */ = {isa = PBXFileReference; explicitFileType = wrapper.framework; includeInIndex = 0; path = Pods_Mission05_Denny.framework; sourceTree = BUILT_PRODUCTS_DIR; };
		AD9256433E2424E26DE243A5 /* Pods-Mission05-Denny-Mission05-DennyUITests.debug.xcconfig */ = {isa = PBXFileReference; includeInIndex = 1; lastKnownFileType = text.xcconfig; name = "Pods-Mission05-Denny-Mission05-DennyUITests.debug.xcconfig"; path = "Target Support Files/Pods-Mission05-Denny-Mission05-DennyUITests/Pods-Mission05-Denny-Mission05-DennyUITests.debug.xcconfig"; sourceTree = "<group>"; };
		B03B6B02254514BC00DC941D /* Mission05-Denny.app */ = {isa = PBXFileReference; explicitFileType = wrapper.application; includeInIndex = 0; path = "Mission05-Denny.app"; sourceTree = BUILT_PRODUCTS_DIR; };
		B03B6B05254514BC00DC941D /* AppDelegate.swift */ = {isa = PBXFileReference; lastKnownFileType = sourcecode.swift; path = AppDelegate.swift; sourceTree = "<group>"; };
		B03B6B09254514BC00DC941D /* CarListViewController.swift */ = {isa = PBXFileReference; lastKnownFileType = sourcecode.swift; path = CarListViewController.swift; sourceTree = "<group>"; };
		B03B6B0C254514BC00DC941D /* Base */ = {isa = PBXFileReference; lastKnownFileType = file.storyboard; name = Base; path = Base.lproj/Main.storyboard; sourceTree = "<group>"; };
		B03B6B0E254514BD00DC941D /* Assets.xcassets */ = {isa = PBXFileReference; lastKnownFileType = folder.assetcatalog; path = Assets.xcassets; sourceTree = "<group>"; };
		B03B6B11254514BD00DC941D /* Base */ = {isa = PBXFileReference; lastKnownFileType = file.storyboard; name = Base; path = Base.lproj/LaunchScreen.storyboard; sourceTree = "<group>"; };
		B03B6B13254514BD00DC941D /* Info.plist */ = {isa = PBXFileReference; lastKnownFileType = text.plist.xml; path = Info.plist; sourceTree = "<group>"; };
		B03B6B18254514BD00DC941D /* Mission05-DennyTests.xctest */ = {isa = PBXFileReference; explicitFileType = wrapper.cfbundle; includeInIndex = 0; path = "Mission05-DennyTests.xctest"; sourceTree = BUILT_PRODUCTS_DIR; };
		B03B6B1C254514BD00DC941D /* Mission05_DennyTests.swift */ = {isa = PBXFileReference; lastKnownFileType = sourcecode.swift; path = Mission05_DennyTests.swift; sourceTree = "<group>"; };
		B03B6B1E254514BD00DC941D /* Info.plist */ = {isa = PBXFileReference; lastKnownFileType = text.plist.xml; path = Info.plist; sourceTree = "<group>"; };
		B03B6B23254514BD00DC941D /* Mission05-DennyUITests.xctest */ = {isa = PBXFileReference; explicitFileType = wrapper.cfbundle; includeInIndex = 0; path = "Mission05-DennyUITests.xctest"; sourceTree = BUILT_PRODUCTS_DIR; };
		B03B6B27254514BD00DC941D /* Mission05_DennyUITests.swift */ = {isa = PBXFileReference; lastKnownFileType = sourcecode.swift; path = Mission05_DennyUITests.swift; sourceTree = "<group>"; };
		B03B6B29254514BD00DC941D /* Info.plist */ = {isa = PBXFileReference; lastKnownFileType = text.plist.xml; path = Info.plist; sourceTree = "<group>"; };
		B0C07E78254515B9001A2C90 /* CarModel.swift */ = {isa = PBXFileReference; lastKnownFileType = sourcecode.swift; path = CarModel.swift; sourceTree = "<group>"; };
		B0C07E80254515C0001A2C90 /* DealerModel.swift */ = {isa = PBXFileReference; lastKnownFileType = sourcecode.swift; path = DealerModel.swift; sourceTree = "<group>"; };
		B0C07E8B2545161E001A2C90 /* CarCartViewController.swift */ = {isa = PBXFileReference; lastKnownFileType = sourcecode.swift; path = CarCartViewController.swift; sourceTree = "<group>"; };
		C05A52381A85726019276734 /* Pods-Mission05-DennyTests.debug.xcconfig */ = {isa = PBXFileReference; includeInIndex = 1; lastKnownFileType = text.xcconfig; name = "Pods-Mission05-DennyTests.debug.xcconfig"; path = "Target Support Files/Pods-Mission05-DennyTests/Pods-Mission05-DennyTests.debug.xcconfig"; sourceTree = "<group>"; };
		C21E4A1C1185463D7CCCB9E1 /* Pods-Mission05-DennyTests.release.xcconfig */ = {isa = PBXFileReference; includeInIndex = 1; lastKnownFileType = text.xcconfig; name = "Pods-Mission05-DennyTests.release.xcconfig"; path = "Target Support Files/Pods-Mission05-DennyTests/Pods-Mission05-DennyTests.release.xcconfig"; sourceTree = "<group>"; };
		EBC47309BD12DCE323E18C42 /* Pods_Mission05_DennyTests.framework */ = {isa = PBXFileReference; explicitFileType = wrapper.framework; includeInIndex = 0; path = Pods_Mission05_DennyTests.framework; sourceTree = BUILT_PRODUCTS_DIR; };
/* End PBXFileReference section */

/* Begin PBXFrameworksBuildPhase section */
		B03B6AFF254514BC00DC941D /* Frameworks */ = {
			isa = PBXFrameworksBuildPhase;
			buildActionMask = 2147483647;
			files = (
				012ECEAF9E9DF73FB1E5BA67 /* Pods_Mission05_Denny.framework in Frameworks */,
			);
			runOnlyForDeploymentPostprocessing = 0;
		};
		B03B6B15254514BD00DC941D /* Frameworks */ = {
			isa = PBXFrameworksBuildPhase;
			buildActionMask = 2147483647;
			files = (
				4F02AB08C5AEC090B7A4B9F8 /* Pods_Mission05_DennyTests.framework in Frameworks */,
			);
			runOnlyForDeploymentPostprocessing = 0;
		};
		B03B6B20254514BD00DC941D /* Frameworks */ = {
			isa = PBXFrameworksBuildPhase;
			buildActionMask = 2147483647;
			files = (
				92175B38E2AE9F0E33CBDD04 /* Pods_Mission05_Denny_Mission05_DennyUITests.framework in Frameworks */,
			);
			runOnlyForDeploymentPostprocessing = 0;
		};
/* End PBXFrameworksBuildPhase section */

/* Begin PBXGroup section */
		055AD6D77E328E8F651C9B8E /* Frameworks */ = {
			isa = PBXGroup;
			children = (
				A6F7C4EEFA7A62F870471C5B /* Pods_Mission05_Denny.framework */,
				2789A87C63F446BE4F1FF3A4 /* Pods_Mission05_Denny_Mission05_DennyUITests.framework */,
				EBC47309BD12DCE323E18C42 /* Pods_Mission05_DennyTests.framework */,
			);
			name = Frameworks;
			sourceTree = "<group>";
		};
		A6A8376D2248D99A388F5001 /* Pods */ = {
			isa = PBXGroup;
			children = (
				9A9E04EEF4D5A25DF61D1B85 /* Pods-Mission05-Denny.debug.xcconfig */,
				207015400491C85BF495B381 /* Pods-Mission05-Denny.release.xcconfig */,
				AD9256433E2424E26DE243A5 /* Pods-Mission05-Denny-Mission05-DennyUITests.debug.xcconfig */,
				98545F02047A31A58EA2726C /* Pods-Mission05-Denny-Mission05-DennyUITests.release.xcconfig */,
				C05A52381A85726019276734 /* Pods-Mission05-DennyTests.debug.xcconfig */,
				C21E4A1C1185463D7CCCB9E1 /* Pods-Mission05-DennyTests.release.xcconfig */,
			);
			path = Pods;
			sourceTree = "<group>";
		};
		B03B6AF9254514BC00DC941D = {
			isa = PBXGroup;
			children = (
				B03B6B04254514BC00DC941D /* Mission05-Denny */,
				B03B6B1B254514BD00DC941D /* Mission05-DennyTests */,
				B03B6B26254514BD00DC941D /* Mission05-DennyUITests */,
				B03B6B03254514BC00DC941D /* Products */,
				A6A8376D2248D99A388F5001 /* Pods */,
				055AD6D77E328E8F651C9B8E /* Frameworks */,
			);
			sourceTree = "<group>";
		};
		B03B6B03254514BC00DC941D /* Products */ = {
			isa = PBXGroup;
			children = (
				B03B6B02254514BC00DC941D /* Mission05-Denny.app */,
				B03B6B18254514BD00DC941D /* Mission05-DennyTests.xctest */,
				B03B6B23254514BD00DC941D /* Mission05-DennyUITests.xctest */,
			);
			name = Products;
			sourceTree = "<group>";
		};
		B03B6B04254514BC00DC941D /* Mission05-Denny */ = {
			isa = PBXGroup;
			children = (
				B0C07E85254515C5001A2C90 /* Views */,
				B0C07E77254515A6001A2C90 /* Models */,
				B03B6B05254514BC00DC941D /* AppDelegate.swift */,
				B03B6B0B254514BC00DC941D /* Main.storyboard */,
				B03B6B0E254514BD00DC941D /* Assets.xcassets */,
				B03B6B10254514BD00DC941D /* LaunchScreen.storyboard */,
				B03B6B13254514BD00DC941D /* Info.plist */,
			);
			path = "Mission05-Denny";
			sourceTree = "<group>";
		};
		B03B6B1B254514BD00DC941D /* Mission05-DennyTests */ = {
			isa = PBXGroup;
			children = (
				B03B6B1C254514BD00DC941D /* Mission05_DennyTests.swift */,
				B03B6B1E254514BD00DC941D /* Info.plist */,
			);
			path = "Mission05-DennyTests";
			sourceTree = "<group>";
		};
		B03B6B26254514BD00DC941D /* Mission05-DennyUITests */ = {
			isa = PBXGroup;
			children = (
				B03B6B27254514BD00DC941D /* Mission05_DennyUITests.swift */,
				B03B6B29254514BD00DC941D /* Info.plist */,
			);
			path = "Mission05-DennyUITests";
			sourceTree = "<group>";
		};
		B0C07E77254515A6001A2C90 /* Models */ = {
			isa = PBXGroup;
			children = (
				B0C07E78254515B9001A2C90 /* CarModel.swift */,
				B0C07E80254515C0001A2C90 /* DealerModel.swift */,
			);
			path = Models;
			sourceTree = "<group>";
		};
		B0C07E85254515C5001A2C90 /* Views */ = {
			isa = PBXGroup;
			children = (
				B0C07E8B2545161E001A2C90 /* CarCartViewController.swift */,
				B03B6B09254514BC00DC941D /* CarListViewController.swift */,
			);
			path = Views;
			sourceTree = "<group>";
		};
/* End PBXGroup section */

/* Begin PBXNativeTarget section */
		B03B6B01254514BC00DC941D /* Mission05-Denny */ = {
			isa = PBXNativeTarget;
			buildConfigurationList = B03B6B2C254514BD00DC941D /* Build configuration list for PBXNativeTarget "Mission05-Denny" */;
			buildPhases = (
				4AD9CADEC27D27835EB59F86 /* [CP] Check Pods Manifest.lock */,
				B03B6AFE254514BC00DC941D /* Sources */,
				B03B6AFF254514BC00DC941D /* Frameworks */,
				B03B6B00254514BC00DC941D /* Resources */,
				2002E0127BE3D6DF17128907 /* [CP] Embed Pods Frameworks */,
			);
			buildRules = (
			);
			dependencies = (
			);
			name = "Mission05-Denny";
			productName = "Mission05-Denny";
			productReference = B03B6B02254514BC00DC941D /* Mission05-Denny.app */;
			productType = "com.apple.product-type.application";
		};
		B03B6B17254514BD00DC941D /* Mission05-DennyTests */ = {
			isa = PBXNativeTarget;
			buildConfigurationList = B03B6B2F254514BD00DC941D /* Build configuration list for PBXNativeTarget "Mission05-DennyTests" */;
			buildPhases = (
				38C26F930AF4B0128B318DA0 /* [CP] Check Pods Manifest.lock */,
				B03B6B14254514BD00DC941D /* Sources */,
				B03B6B15254514BD00DC941D /* Frameworks */,
				B03B6B16254514BD00DC941D /* Resources */,
			);
			buildRules = (
			);
			dependencies = (
				B03B6B1A254514BD00DC941D /* PBXTargetDependency */,
			);
			name = "Mission05-DennyTests";
			productName = "Mission05-DennyTests";
			productReference = B03B6B18254514BD00DC941D /* Mission05-DennyTests.xctest */;
			productType = "com.apple.product-type.bundle.unit-test";
		};
		B03B6B22254514BD00DC941D /* Mission05-DennyUITests */ = {
			isa = PBXNativeTarget;
			buildConfigurationList = B03B6B32254514BD00DC941D /* Build configuration list for PBXNativeTarget "Mission05-DennyUITests" */;
			buildPhases = (
				A838FEA67CBCF190240F8035 /* [CP] Check Pods Manifest.lock */,
				B03B6B1F254514BD00DC941D /* Sources */,
				B03B6B20254514BD00DC941D /* Frameworks */,
				B03B6B21254514BD00DC941D /* Resources */,
				E998C5FD5F046B579B93BD4A /* [CP] Embed Pods Frameworks */,
			);
			buildRules = (
			);
			dependencies = (
				B03B6B25254514BD00DC941D /* PBXTargetDependency */,
			);
			name = "Mission05-DennyUITests";
			productName = "Mission05-DennyUITests";
			productReference = B03B6B23254514BD00DC941D /* Mission05-DennyUITests.xctest */;
			productType = "com.apple.product-type.bundle.ui-testing";
		};
/* End PBXNativeTarget section */

/* Begin PBXProject section */
		B03B6AFA254514BC00DC941D /* Project object */ = {
			isa = PBXProject;
			attributes = {
				LastSwiftUpdateCheck = 1200;
				LastUpgradeCheck = 1200;
				TargetAttributes = {
					B03B6B01254514BC00DC941D = {
						CreatedOnToolsVersion = 12.0.1;
					};
					B03B6B17254514BD00DC941D = {
						CreatedOnToolsVersion = 12.0.1;
						TestTargetID = B03B6B01254514BC00DC941D;
					};
					B03B6B22254514BD00DC941D = {
						CreatedOnToolsVersion = 12.0.1;
						TestTargetID = B03B6B01254514BC00DC941D;
					};
				};
			};
			buildConfigurationList = B03B6AFD254514BC00DC941D /* Build configuration list for PBXProject "Mission05-Denny" */;
			compatibilityVersion = "Xcode 9.3";
			developmentRegion = en;
			hasScannedForEncodings = 0;
			knownRegions = (
				en,
				Base,
			);
			mainGroup = B03B6AF9254514BC00DC941D;
			productRefGroup = B03B6B03254514BC00DC941D /* Products */;
			projectDirPath = "";
			projectRoot = "";
			targets = (
				B03B6B01254514BC00DC941D /* Mission05-Denny */,
				B03B6B17254514BD00DC941D /* Mission05-DennyTests */,
				B03B6B22254514BD00DC941D /* Mission05-DennyUITests */,
			);
		};
/* End PBXProject section */

/* Begin PBXResourcesBuildPhase section */
		B03B6B00254514BC00DC941D /* Resources */ = {
			isa = PBXResourcesBuildPhase;
			buildActionMask = 2147483647;
			files = (
				B03B6B12254514BD00DC941D /* LaunchScreen.storyboard in Resources */,
				B03B6B0F254514BD00DC941D /* Assets.xcassets in Resources */,
				B03B6B0D254514BC00DC941D /* Main.storyboard in Resources */,
			);
			runOnlyForDeploymentPostprocessing = 0;
		};
		B03B6B16254514BD00DC941D /* Resources */ = {
			isa = PBXResourcesBuildPhase;
			buildActionMask = 2147483647;
			files = (
			);
			runOnlyForDeploymentPostprocessing = 0;
		};
		B03B6B21254514BD00DC941D /* Resources */ = {
			isa = PBXResourcesBuildPhase;
			buildActionMask = 2147483647;
			files = (
			);
			runOnlyForDeploymentPostprocessing = 0;
		};
/* End PBXResourcesBuildPhase section */

/* Begin PBXShellScriptBuildPhase section */
		2002E0127BE3D6DF17128907 /* [CP] Embed Pods Frameworks */ = {
			isa = PBXShellScriptBuildPhase;
			buildActionMask = 2147483647;
			files = (
			);
			inputFileListPaths = (
				"${PODS_ROOT}/Target Support Files/Pods-Mission05-Denny/Pods-Mission05-Denny-frameworks-${CONFIGURATION}-input-files.xcfilelist",
			);
			name = "[CP] Embed Pods Frameworks";
			outputFileListPaths = (
				"${PODS_ROOT}/Target Support Files/Pods-Mission05-Denny/Pods-Mission05-Denny-frameworks-${CONFIGURATION}-output-files.xcfilelist",
			);
			runOnlyForDeploymentPostprocessing = 0;
			shellPath = /bin/sh;
			shellScript = "\"${PODS_ROOT}/Target Support Files/Pods-Mission05-Denny/Pods-Mission05-Denny-frameworks.sh\"\n";
			showEnvVarsInLog = 0;
		};
		38C26F930AF4B0128B318DA0 /* [CP] Check Pods Manifest.lock */ = {
			isa = PBXShellScriptBuildPhase;
			buildActionMask = 2147483647;
			files = (
			);
			inputFileListPaths = (
			);
			inputPaths = (
				"${PODS_PODFILE_DIR_PATH}/Podfile.lock",
				"${PODS_ROOT}/Manifest.lock",
			);
			name = "[CP] Check Pods Manifest.lock";
			outputFileListPaths = (
			);
			outputPaths = (
				"$(DERIVED_FILE_DIR)/Pods-Mission05-DennyTests-checkManifestLockResult.txt",
			);
			runOnlyForDeploymentPostprocessing = 0;
			shellPath = /bin/sh;
			shellScript = "diff \"${PODS_PODFILE_DIR_PATH}/Podfile.lock\" \"${PODS_ROOT}/Manifest.lock\" > /dev/null\nif [ $? != 0 ] ; then\n    # print error to STDERR\n    echo \"error: The sandbox is not in sync with the Podfile.lock. Run 'pod install' or update your CocoaPods installation.\" >&2\n    exit 1\nfi\n# This output is used by Xcode 'outputs' to avoid re-running this script phase.\necho \"SUCCESS\" > \"${SCRIPT_OUTPUT_FILE_0}\"\n";
			showEnvVarsInLog = 0;
		};
		4AD9CADEC27D27835EB59F86 /* [CP] Check Pods Manifest.lock */ = {
			isa = PBXShellScriptBuildPhase;
			buildActionMask = 2147483647;
			files = (
			);
			inputFileListPaths = (
			);
			inputPaths = (
				"${PODS_PODFILE_DIR_PATH}/Podfile.lock",
				"${PODS_ROOT}/Manifest.lock",
			);
			name = "[CP] Check Pods Manifest.lock";
			outputFileListPaths = (
			);
			outputPaths = (
				"$(DERIVED_FILE_DIR)/Pods-Mission05-Denny-checkManifestLockResult.txt",
			);
			runOnlyForDeploymentPostprocessing = 0;
			shellPath = /bin/sh;
			shellScript = "diff \"${PODS_PODFILE_DIR_PATH}/Podfile.lock\" \"${PODS_ROOT}/Manifest.lock\" > /dev/null\nif [ $? != 0 ] ; then\n    # print error to STDERR\n    echo \"error: The sandbox is not in sync with the Podfile.lock. Run 'pod install' or update your CocoaPods installation.\" >&2\n    exit 1\nfi\n# This output is used by Xcode 'outputs' to avoid re-running this script phase.\necho \"SUCCESS\" > \"${SCRIPT_OUTPUT_FILE_0}\"\n";
			showEnvVarsInLog = 0;
		};
		A838FEA67CBCF190240F8035 /* [CP] Check Pods Manifest.lock */ = {
			isa = PBXShellScriptBuildPhase;
			buildActionMask = 2147483647;
			files = (
			);
			inputFileListPaths = (
			);
			inputPaths = (
				"${PODS_PODFILE_DIR_PATH}/Podfile.lock",
				"${PODS_ROOT}/Manifest.lock",
			);
			name = "[CP] Check Pods Manifest.lock";
			outputFileListPaths = (
			);
			outputPaths = (
				"$(DERIVED_FILE_DIR)/Pods-Mission05-Denny-Mission05-DennyUITests-checkManifestLockResult.txt",
			);
			runOnlyForDeploymentPostprocessing = 0;
			shellPath = /bin/sh;
			shellScript = "diff \"${PODS_PODFILE_DIR_PATH}/Podfile.lock\" \"${PODS_ROOT}/Manifest.lock\" > /dev/null\nif [ $? != 0 ] ; then\n    # print error to STDERR\n    echo \"error: The sandbox is not in sync with the Podfile.lock. Run 'pod install' or update your CocoaPods installation.\" >&2\n    exit 1\nfi\n# This output is used by Xcode 'outputs' to avoid re-running this script phase.\necho \"SUCCESS\" > \"${SCRIPT_OUTPUT_FILE_0}\"\n";
			showEnvVarsInLog = 0;
		};
		E998C5FD5F046B579B93BD4A /* [CP] Embed Pods Frameworks */ = {
			isa = PBXShellScriptBuildPhase;
			buildActionMask = 2147483647;
			files = (
			);
			inputFileListPaths = (
				"${PODS_ROOT}/Target Support Files/Pods-Mission05-Denny-Mission05-DennyUITests/Pods-Mission05-Denny-Mission05-DennyUITests-frameworks-${CONFIGURATION}-input-files.xcfilelist",
			);
			name = "[CP] Embed Pods Frameworks";
			outputFileListPaths = (
				"${PODS_ROOT}/Target Support Files/Pods-Mission05-Denny-Mission05-DennyUITests/Pods-Mission05-Denny-Mission05-DennyUITests-frameworks-${CONFIGURATION}-output-files.xcfilelist",
			);
			runOnlyForDeploymentPostprocessing = 0;
			shellPath = /bin/sh;
			shellScript = "\"${PODS_ROOT}/Target Support Files/Pods-Mission05-Denny-Mission05-DennyUITests/Pods-Mission05-Denny-Mission05-DennyUITests-frameworks.sh\"\n";
			showEnvVarsInLog = 0;
		};
/* End PBXShellScriptBuildPhase section */

/* Begin PBXSourcesBuildPhase section */
		B03B6AFE254514BC00DC941D /* Sources */ = {
			isa = PBXSourcesBuildPhase;
			buildActionMask = 2147483647;
			files = (
				B0C07E8C2545161E001A2C90 /* CarCartViewController.swift in Sources */,
				B03B6B0A254514BC00DC941D /* CarListViewController.swift in Sources */,
				B03B6B06254514BC00DC941D /* AppDelegate.swift in Sources */,
				B0C07E81254515C0001A2C90 /* DealerModel.swift in Sources */,
				B0C07E79254515B9001A2C90 /* CarModel.swift in Sources */,
			);
			runOnlyForDeploymentPostprocessing = 0;
		};
		B03B6B14254514BD00DC941D /* Sources */ = {
			isa = PBXSourcesBuildPhase;
			buildActionMask = 2147483647;
			files = (
				B03B6B1D254514BD00DC941D /* Mission05_DennyTests.swift in Sources */,
			);
			runOnlyForDeploymentPostprocessing = 0;
		};
		B03B6B1F254514BD00DC941D /* Sources */ = {
			isa = PBXSourcesBuildPhase;
			buildActionMask = 2147483647;
			files = (
				B03B6B28254514BD00DC941D /* Mission05_DennyUITests.swift in Sources */,
			);
			runOnlyForDeploymentPostprocessing = 0;
		};
/* End PBXSourcesBuildPhase section */

/* Begin PBXTargetDependency section */
		B03B6B1A254514BD00DC941D /* PBXTargetDependency */ = {
			isa = PBXTargetDependency;
			target = B03B6B01254514BC00DC941D /* Mission05-Denny */;
			targetProxy = B03B6B19254514BD00DC941D /* PBXContainerItemProxy */;
		};
		B03B6B25254514BD00DC941D /* PBXTargetDependency */ = {
			isa = PBXTargetDependency;
			target = B03B6B01254514BC00DC941D /* Mission05-Denny */;
			targetProxy = B03B6B24254514BD00DC941D /* PBXContainerItemProxy */;
		};
/* End PBXTargetDependency section */

/* Begin PBXVariantGroup section */
		B03B6B0B254514BC00DC941D /* Main.storyboard */ = {
			isa = PBXVariantGroup;
			children = (
				B03B6B0C254514BC00DC941D /* Base */,
			);
			name = Main.storyboard;
			sourceTree = "<group>";
		};
		B03B6B10254514BD00DC941D /* LaunchScreen.storyboard */ = {
			isa = PBXVariantGroup;
			children = (
				B03B6B11254514BD00DC941D /* Base */,
			);
			name = LaunchScreen.storyboard;
			sourceTree = "<group>";
		};
/* End PBXVariantGroup section */

/* Begin XCBuildConfiguration section */
		B03B6B2A254514BD00DC941D /* Debug */ = {
			isa = XCBuildConfiguration;
			buildSettings = {
				ALWAYS_SEARCH_USER_PATHS = NO;
				CLANG_ANALYZER_NONNULL = YES;
				CLANG_ANALYZER_NUMBER_OBJECT_CONVERSION = YES_AGGRESSIVE;
				CLANG_CXX_LANGUAGE_STANDARD = "gnu++14";
				CLANG_CXX_LIBRARY = "libc++";
				CLANG_ENABLE_MODULES = YES;
				CLANG_ENABLE_OBJC_ARC = YES;
				CLANG_ENABLE_OBJC_WEAK = YES;
				CLANG_WARN_BLOCK_CAPTURE_AUTORELEASING = YES;
				CLANG_WARN_BOOL_CONVERSION = YES;
				CLANG_WARN_COMMA = YES;
				CLANG_WARN_CONSTANT_CONVERSION = YES;
				CLANG_WARN_DEPRECATED_OBJC_IMPLEMENTATIONS = YES;
				CLANG_WARN_DIRECT_OBJC_ISA_USAGE = YES_ERROR;
				CLANG_WARN_DOCUMENTATION_COMMENTS = YES;
				CLANG_WARN_EMPTY_BODY = YES;
				CLANG_WARN_ENUM_CONVERSION = YES;
				CLANG_WARN_INFINITE_RECURSION = YES;
				CLANG_WARN_INT_CONVERSION = YES;
				CLANG_WARN_NON_LITERAL_NULL_CONVERSION = YES;
				CLANG_WARN_OBJC_IMPLICIT_RETAIN_SELF = YES;
				CLANG_WARN_OBJC_LITERAL_CONVERSION = YES;
				CLANG_WARN_OBJC_ROOT_CLASS = YES_ERROR;
				CLANG_WARN_QUOTED_INCLUDE_IN_FRAMEWORK_HEADER = YES;
				CLANG_WARN_RANGE_LOOP_ANALYSIS = YES;
				CLANG_WARN_STRICT_PROTOTYPES = YES;
				CLANG_WARN_SUSPICIOUS_MOVE = YES;
				CLANG_WARN_UNGUARDED_AVAILABILITY = YES_AGGRESSIVE;
				CLANG_WARN_UNREACHABLE_CODE = YES;
				CLANG_WARN__DUPLICATE_METHOD_MATCH = YES;
				COPY_PHASE_STRIP = NO;
				DEBUG_INFORMATION_FORMAT = dwarf;
				ENABLE_STRICT_OBJC_MSGSEND = YES;
				ENABLE_TESTABILITY = YES;
				GCC_C_LANGUAGE_STANDARD = gnu11;
				GCC_DYNAMIC_NO_PIC = NO;
				GCC_NO_COMMON_BLOCKS = YES;
				GCC_OPTIMIZATION_LEVEL = 0;
				GCC_PREPROCESSOR_DEFINITIONS = (
					"DEBUG=1",
					"$(inherited)",
				);
				GCC_WARN_64_TO_32_BIT_CONVERSION = YES;
				GCC_WARN_ABOUT_RETURN_TYPE = YES_ERROR;
				GCC_WARN_UNDECLARED_SELECTOR = YES;
				GCC_WARN_UNINITIALIZED_AUTOS = YES_AGGRESSIVE;
				GCC_WARN_UNUSED_FUNCTION = YES;
				GCC_WARN_UNUSED_VARIABLE = YES;
				IPHONEOS_DEPLOYMENT_TARGET = 14.0;
				MTL_ENABLE_DEBUG_INFO = INCLUDE_SOURCE;
				MTL_FAST_MATH = YES;
				ONLY_ACTIVE_ARCH = YES;
				SDKROOT = iphoneos;
				SWIFT_ACTIVE_COMPILATION_CONDITIONS = DEBUG;
				SWIFT_OPTIMIZATION_LEVEL = "-Onone";
			};
			name = Debug;
		};
		B03B6B2B254514BD00DC941D /* Release */ = {
			isa = XCBuildConfiguration;
			buildSettings = {
				ALWAYS_SEARCH_USER_PATHS = NO;
				CLANG_ANALYZER_NONNULL = YES;
				CLANG_ANALYZER_NUMBER_OBJECT_CONVERSION = YES_AGGRESSIVE;
				CLANG_CXX_LANGUAGE_STANDARD = "gnu++14";
				CLANG_CXX_LIBRARY = "libc++";
				CLANG_ENABLE_MODULES = YES;
				CLANG_ENABLE_OBJC_ARC = YES;
				CLANG_ENABLE_OBJC_WEAK = YES;
				CLANG_WARN_BLOCK_CAPTURE_AUTORELEASING = YES;
				CLANG_WARN_BOOL_CONVERSION = YES;
				CLANG_WARN_COMMA = YES;
				CLANG_WARN_CONSTANT_CONVERSION = YES;
				CLANG_WARN_DEPRECATED_OBJC_IMPLEMENTATIONS = YES;
				CLANG_WARN_DIRECT_OBJC_ISA_USAGE = YES_ERROR;
				CLANG_WARN_DOCUMENTATION_COMMENTS = YES;
				CLANG_WARN_EMPTY_BODY = YES;
				CLANG_WARN_ENUM_CONVERSION = YES;
				CLANG_WARN_INFINITE_RECURSION = YES;
				CLANG_WARN_INT_CONVERSION = YES;
				CLANG_WARN_NON_LITERAL_NULL_CONVERSION = YES;
				CLANG_WARN_OBJC_IMPLICIT_RETAIN_SELF = YES;
				CLANG_WARN_OBJC_LITERAL_CONVERSION = YES;
				CLANG_WARN_OBJC_ROOT_CLASS = YES_ERROR;
				CLANG_WARN_QUOTED_INCLUDE_IN_FRAMEWORK_HEADER = YES;
				CLANG_WARN_RANGE_LOOP_ANALYSIS = YES;
				CLANG_WARN_STRICT_PROTOTYPES = YES;
				CLANG_WARN_SUSPICIOUS_MOVE = YES;
				CLANG_WARN_UNGUARDED_AVAILABILITY = YES_AGGRESSIVE;
				CLANG_WARN_UNREACHABLE_CODE = YES;
				CLANG_WARN__DUPLICATE_METHOD_MATCH = YES;
				COPY_PHASE_STRIP = NO;
				DEBUG_INFORMATION_FORMAT = "dwarf-with-dsym";
				ENABLE_NS_ASSERTIONS = NO;
				ENABLE_STRICT_OBJC_MSGSEND = YES;
				GCC_C_LANGUAGE_STANDARD = gnu11;
				GCC_NO_COMMON_BLOCKS = YES;
				GCC_WARN_64_TO_32_BIT_CONVERSION = YES;
				GCC_WARN_ABOUT_RETURN_TYPE = YES_ERROR;
				GCC_WARN_UNDECLARED_SELECTOR = YES;
				GCC_WARN_UNINITIALIZED_AUTOS = YES_AGGRESSIVE;
				GCC_WARN_UNUSED_FUNCTION = YES;
				GCC_WARN_UNUSED_VARIABLE = YES;
				IPHONEOS_DEPLOYMENT_TARGET = 14.0;
				MTL_ENABLE_DEBUG_INFO = NO;
				MTL_FAST_MATH = YES;
				SDKROOT = iphoneos;
				SWIFT_COMPILATION_MODE = wholemodule;
				SWIFT_OPTIMIZATION_LEVEL = "-O";
				VALIDATE_PRODUCT = YES;
			};
			name = Release;
		};
		B03B6B2D254514BD00DC941D /* Debug */ = {
			isa = XCBuildConfiguration;
			baseConfigurationReference = 9A9E04EEF4D5A25DF61D1B85 /* Pods-Mission05-Denny.debug.xcconfig */;
			buildSettings = {
				ASSETCATALOG_COMPILER_APPICON_NAME = AppIcon;
				ASSETCATALOG_COMPILER_GLOBAL_ACCENT_COLOR_NAME = AccentColor;
				CODE_SIGN_STYLE = Automatic;
				DEVELOPMENT_TEAM = M79H9K226Y;
				INFOPLIST_FILE = "Mission05-Denny/Info.plist";
				LD_RUNPATH_SEARCH_PATHS = (
					"$(inherited)",
					"@executable_path/Frameworks",
				);
				PRODUCT_BUNDLE_IDENTIFIER = "com.denny.Mission05-Denny";
				PRODUCT_NAME = "$(TARGET_NAME)";
				SWIFT_VERSION = 5.0;
				TARGETED_DEVICE_FAMILY = "1,2";
			};
			name = Debug;
		};
		B03B6B2E254514BD00DC941D /* Release */ = {
			isa = XCBuildConfiguration;
			baseConfigurationReference = 207015400491C85BF495B381 /* Pods-Mission05-Denny.release.xcconfig */;
			buildSettings = {
				ASSETCATALOG_COMPILER_APPICON_NAME = AppIcon;
				ASSETCATALOG_COMPILER_GLOBAL_ACCENT_COLOR_NAME = AccentColor;
				CODE_SIGN_STYLE = Automatic;
				DEVELOPMENT_TEAM = M79H9K226Y;
				INFOPLIST_FILE = "Mission05-Denny/Info.plist";
				LD_RUNPATH_SEARCH_PATHS = (
					"$(inherited)",
					"@executable_path/Frameworks",
				);
				PRODUCT_BUNDLE_IDENTIFIER = "com.denny.Mission05-Denny";
				PRODUCT_NAME = "$(TARGET_NAME)";
				SWIFT_VERSION = 5.0;
				TARGETED_DEVICE_FAMILY = "1,2";
			};
			name = Release;
		};
		B03B6B30254514BD00DC941D /* Debug */ = {
			isa = XCBuildConfiguration;
			baseConfigurationReference = C05A52381A85726019276734 /* Pods-Mission05-DennyTests.debug.xcconfig */;
			buildSettings = {
				ALWAYS_EMBED_SWIFT_STANDARD_LIBRARIES = YES;
				BUNDLE_LOADER = "$(TEST_HOST)";
				CODE_SIGN_STYLE = Automatic;
				DEVELOPMENT_TEAM = M79H9K226Y;
				INFOPLIST_FILE = "Mission05-DennyTests/Info.plist";
				IPHONEOS_DEPLOYMENT_TARGET = 14.0;
				LD_RUNPATH_SEARCH_PATHS = (
					"$(inherited)",
					"@executable_path/Frameworks",
					"@loader_path/Frameworks",
				);
				PRODUCT_BUNDLE_IDENTIFIER = "com.denny.Mission05-DennyTests";
				PRODUCT_NAME = "$(TARGET_NAME)";
				SWIFT_VERSION = 5.0;
				TARGETED_DEVICE_FAMILY = "1,2";
				TEST_HOST = "$(BUILT_PRODUCTS_DIR)/Mission05-Denny.app/Mission05-Denny";
			};
			name = Debug;
		};
		B03B6B31254514BD00DC941D /* Release */ = {
			isa = XCBuildConfiguration;
			baseConfigurationReference = C21E4A1C1185463D7CCCB9E1 /* Pods-Mission05-DennyTests.release.xcconfig */;
			buildSettings = {
				ALWAYS_EMBED_SWIFT_STANDARD_LIBRARIES = YES;
				BUNDLE_LOADER = "$(TEST_HOST)";
				CODE_SIGN_STYLE = Automatic;
				DEVELOPMENT_TEAM = M79H9K226Y;
				INFOPLIST_FILE = "Mission05-DennyTests/Info.plist";
				IPHONEOS_DEPLOYMENT_TARGET = 14.0;
				LD_RUNPATH_SEARCH_PATHS = (
					"$(inherited)",
					"@executable_path/Frameworks",
					"@loader_path/Frameworks",
				);
				PRODUCT_BUNDLE_IDENTIFIER = "com.denny.Mission05-DennyTests";
				PRODUCT_NAME = "$(TARGET_NAME)";
				SWIFT_VERSION = 5.0;
				TARGETED_DEVICE_FAMILY = "1,2";
				TEST_HOST = "$(BUILT_PRODUCTS_DIR)/Mission05-Denny.app/Mission05-Denny";
			};
			name = Release;
		};
		B03B6B33254514BD00DC941D /* Debug */ = {
			isa = XCBuildConfiguration;
			baseConfigurationReference = AD9256433E2424E26DE243A5 /* Pods-Mission05-Denny-Mission05-DennyUITests.debug.xcconfig */;
			buildSettings = {
				ALWAYS_EMBED_SWIFT_STANDARD_LIBRARIES = YES;
				CODE_SIGN_STYLE = Automatic;
				DEVELOPMENT_TEAM = M79H9K226Y;
				INFOPLIST_FILE = "Mission05-DennyUITests/Info.plist";
				LD_RUNPATH_SEARCH_PATHS = (
					"$(inherited)",
					"@executable_path/Frameworks",
					"@loader_path/Frameworks",
				);
				PRODUCT_BUNDLE_IDENTIFIER = "com.denny.Mission05-DennyUITests";
				PRODUCT_NAME = "$(TARGET_NAME)";
				SWIFT_VERSION = 5.0;
				TARGETED_DEVICE_FAMILY = "1,2";
				TEST_TARGET_NAME = "Mission05-Denny";
			};
			name = Debug;
		};
		B03B6B34254514BD00DC941D /* Release */ = {
			isa = XCBuildConfiguration;
			baseConfigurationReference = 98545F02047A31A58EA2726C /* Pods-Mission05-Denny-Mission05-DennyUITests.release.xcconfig */;
			buildSettings = {
				ALWAYS_EMBED_SWIFT_STANDARD_LIBRARIES = YES;
				CODE_SIGN_STYLE = Automatic;
				DEVELOPMENT_TEAM = M79H9K226Y;
				INFOPLIST_FILE = "Mission05-DennyUITests/Info.plist";
				LD_RUNPATH_SEARCH_PATHS = (
					"$(inherited)",
					"@executable_path/Frameworks",
					"@loader_path/Frameworks",
				);
				PRODUCT_BUNDLE_IDENTIFIER = "com.denny.Mission05-DennyUITests";
				PRODUCT_NAME = "$(TARGET_NAME)";
				SWIFT_VERSION = 5.0;
				TARGETED_DEVICE_FAMILY = "1,2";
				TEST_TARGET_NAME = "Mission05-Denny";
			};
			name = Release;
		};
/* End XCBuildConfiguration section */

/* Begin XCConfigurationList section */
		B03B6AFD254514BC00DC941D /* Build configuration list for PBXProject "Mission05-Denny" */ = {
			isa = XCConfigurationList;
			buildConfigurations = (
				B03B6B2A254514BD00DC941D /* Debug */,
				B03B6B2B254514BD00DC941D /* Release */,
			);
			defaultConfigurationIsVisible = 0;
			defaultConfigurationName = Release;
		};
		B03B6B2C254514BD00DC941D /* Build configuration list for PBXNativeTarget "Mission05-Denny" */ = {
			isa = XCConfigurationList;
			buildConfigurations = (
				B03B6B2D254514BD00DC941D /* Debug */,
				B03B6B2E254514BD00DC941D /* Release */,
			);
			defaultConfigurationIsVisible = 0;
			defaultConfigurationName = Release;
		};
		B03B6B2F254514BD00DC941D /* Build configuration list for PBXNativeTarget "Mission05-DennyTests" */ = {
			isa = XCConfigurationList;
			buildConfigurations = (
				B03B6B30254514BD00DC941D /* Debug */,
				B03B6B31254514BD00DC941D /* Release */,
			);
			defaultConfigurationIsVisible = 0;
			defaultConfigurationName = Release;
		};
		B03B6B32254514BD00DC941D /* Build configuration list for PBXNativeTarget "Mission05-DennyUITests" */ = {
			isa = XCConfigurationList;
			buildConfigurations = (
				B03B6B33254514BD00DC941D /* Debug */,
				B03B6B34254514BD00DC941D /* Release */,
			);
			defaultConfigurationIsVisible = 0;
			defaultConfigurationName = Release;
		};
/* End XCConfigurationList section */
	};
	rootObject = B03B6AFA254514BC00DC941D /* Project object */;
}
