// !$*UTF8*$!
{
	archiveVersion = 1;
	classes = {
	};
	objectVersion = 51;
	objects = {

/* Begin PBXBuildFile section */
		120A17192507F231000CC96D /* SavedDocument.swift in Sources */ = {isa = PBXBuildFile; fileRef = 120A17182507F231000CC96D /* SavedDocument.swift */; };
		120A171B2507F4BB000CC96D /* TabBarController.swift in Sources */ = {isa = PBXBuildFile; fileRef = 120A171A2507F4BB000CC96D /* TabBarController.swift */; };
		120A171D2507FBED000CC96D /* DocumentCell.swift in Sources */ = {isa = PBXBuildFile; fileRef = 120A171C2507FBED000CC96D /* DocumentCell.swift */; };
		1214C3F124FB9CE900583C04 /* AppDelegate.swift in Sources */ = {isa = PBXBuildFile; fileRef = 1214C3F024FB9CE900583C04 /* AppDelegate.swift */; };
		1214C3F324FB9CE900583C04 /* SceneDelegate.swift in Sources */ = {isa = PBXBuildFile; fileRef = 1214C3F224FB9CE900583C04 /* SceneDelegate.swift */; };
		1214C3F524FB9CE900583C04 /* DocumentViewController.swift in Sources */ = {isa = PBXBuildFile; fileRef = 1214C3F424FB9CE900583C04 /* DocumentViewController.swift */; };
		1214C3F824FB9CE900583C04 /* Main.storyboard in Resources */ = {isa = PBXBuildFile; fileRef = 1214C3F624FB9CE900583C04 /* Main.storyboard */; };
		1214C3FA24FB9CF100583C04 /* Assets.xcassets in Resources */ = {isa = PBXBuildFile; fileRef = 1214C3F924FB9CF100583C04 /* Assets.xcassets */; };
		1214C3FD24FB9CF100583C04 /* LaunchScreen.storyboard in Resources */ = {isa = PBXBuildFile; fileRef = 1214C3FB24FB9CF100583C04 /* LaunchScreen.storyboard */; };
		1214C42B24FEAAB700583C04 /* PrintViewController.swift in Sources */ = {isa = PBXBuildFile; fileRef = 1214C42A24FEAAB700583C04 /* PrintViewController.swift */; };
		1214C42F24FEAAF300583C04 /* Document.swift in Sources */ = {isa = PBXBuildFile; fileRef = 1214C42E24FEAAF300583C04 /* Document.swift */; };
		1214C43124FEAB0100583C04 /* PrinterProxy.swift in Sources */ = {isa = PBXBuildFile; fileRef = 1214C43024FEAB0100583C04 /* PrinterProxy.swift */; };
		1214C43324FEAB0900583C04 /* Printer.swift in Sources */ = {isa = PBXBuildFile; fileRef = 1214C43224FEAB0900583C04 /* Printer.swift */; };
		1214C43524FEAB9300583C04 /* Protocol.swift in Sources */ = {isa = PBXBuildFile; fileRef = 1214C43424FEAB9300583C04 /* Protocol.swift */; };
		15DA98935302F292592AD97E /* Pods_SpoolingSimulator.framework in Frameworks */ = {isa = PBXBuildFile; fileRef = 4CE3ED19F4C9002FD47A81AA /* Pods_SpoolingSimulator.framework */; };
/* End PBXBuildFile section */

/* Begin PBXFileReference section */
		0AFAE113DE42179B287F593A /* Pods-SpoolingSimulator.debug.xcconfig */ = {isa = PBXFileReference; includeInIndex = 1; lastKnownFileType = text.xcconfig; name = "Pods-SpoolingSimulator.debug.xcconfig"; path = "Target Support Files/Pods-SpoolingSimulator/Pods-SpoolingSimulator.debug.xcconfig"; sourceTree = "<group>"; };
		120A17182507F231000CC96D /* SavedDocument.swift */ = {isa = PBXFileReference; lastKnownFileType = sourcecode.swift; path = SavedDocument.swift; sourceTree = "<group>"; };
		120A171A2507F4BB000CC96D /* TabBarController.swift */ = {isa = PBXFileReference; lastKnownFileType = sourcecode.swift; path = TabBarController.swift; sourceTree = "<group>"; };
		120A171C2507FBED000CC96D /* DocumentCell.swift */ = {isa = PBXFileReference; lastKnownFileType = sourcecode.swift; path = DocumentCell.swift; sourceTree = "<group>"; };
		1214C3ED24FB9CE900583C04 /* SpoolingSimulator.app */ = {isa = PBXFileReference; explicitFileType = wrapper.application; includeInIndex = 0; path = SpoolingSimulator.app; sourceTree = BUILT_PRODUCTS_DIR; };
		1214C3F024FB9CE900583C04 /* AppDelegate.swift */ = {isa = PBXFileReference; lastKnownFileType = sourcecode.swift; path = AppDelegate.swift; sourceTree = "<group>"; };
		1214C3F224FB9CE900583C04 /* SceneDelegate.swift */ = {isa = PBXFileReference; lastKnownFileType = sourcecode.swift; path = SceneDelegate.swift; sourceTree = "<group>"; };
		1214C3F424FB9CE900583C04 /* DocumentViewController.swift */ = {isa = PBXFileReference; lastKnownFileType = sourcecode.swift; path = DocumentViewController.swift; sourceTree = "<group>"; };
		1214C3F724FB9CE900583C04 /* Base */ = {isa = PBXFileReference; lastKnownFileType = file.storyboard; name = Base; path = Base.lproj/Main.storyboard; sourceTree = "<group>"; };
		1214C3F924FB9CF100583C04 /* Assets.xcassets */ = {isa = PBXFileReference; lastKnownFileType = folder.assetcatalog; path = Assets.xcassets; sourceTree = "<group>"; };
		1214C3FC24FB9CF100583C04 /* Base */ = {isa = PBXFileReference; lastKnownFileType = file.storyboard; name = Base; path = Base.lproj/LaunchScreen.storyboard; sourceTree = "<group>"; };
		1214C3FE24FB9CF100583C04 /* Info.plist */ = {isa = PBXFileReference; lastKnownFileType = text.plist.xml; path = Info.plist; sourceTree = "<group>"; };
		1214C42A24FEAAB700583C04 /* PrintViewController.swift */ = {isa = PBXFileReference; lastKnownFileType = sourcecode.swift; path = PrintViewController.swift; sourceTree = "<group>"; };
		1214C42E24FEAAF300583C04 /* Document.swift */ = {isa = PBXFileReference; lastKnownFileType = sourcecode.swift; path = Document.swift; sourceTree = "<group>"; };
		1214C43024FEAB0100583C04 /* PrinterProxy.swift */ = {isa = PBXFileReference; lastKnownFileType = sourcecode.swift; path = PrinterProxy.swift; sourceTree = "<group>"; };
		1214C43224FEAB0900583C04 /* Printer.swift */ = {isa = PBXFileReference; lastKnownFileType = sourcecode.swift; path = Printer.swift; sourceTree = "<group>"; };
		1214C43424FEAB9300583C04 /* Protocol.swift */ = {isa = PBXFileReference; lastKnownFileType = sourcecode.swift; path = Protocol.swift; sourceTree = "<group>"; };
		2484A51C73D66AA26F35E809 /* Pods-SpoolingSimulator.release.xcconfig */ = {isa = PBXFileReference; includeInIndex = 1; lastKnownFileType = text.xcconfig; name = "Pods-SpoolingSimulator.release.xcconfig"; path = "Target Support Files/Pods-SpoolingSimulator/Pods-SpoolingSimulator.release.xcconfig"; sourceTree = "<group>"; };
		4CE3ED19F4C9002FD47A81AA /* Pods_SpoolingSimulator.framework */ = {isa = PBXFileReference; explicitFileType = wrapper.framework; includeInIndex = 0; path = Pods_SpoolingSimulator.framework; sourceTree = BUILT_PRODUCTS_DIR; };
/* End PBXFileReference section */

/* Begin PBXFrameworksBuildPhase section */
		1214C3EA24FB9CE900583C04 /* Frameworks */ = {
			isa = PBXFrameworksBuildPhase;
			buildActionMask = 2147483647;
			files = (
				15DA98935302F292592AD97E /* Pods_SpoolingSimulator.framework in Frameworks */,
			);
			runOnlyForDeploymentPostprocessing = 0;
		};
/* End PBXFrameworksBuildPhase section */

/* Begin PBXGroup section */
		1214C3E424FB9CE900583C04 = {
			isa = PBXGroup;
			children = (
				1214C3EF24FB9CE900583C04 /* SpoolingSimulator */,
				1214C3EE24FB9CE900583C04 /* Products */,
				84A7A23B9311C979572BF3C2 /* Pods */,
				FD1291E0263BB9439321A1A0 /* Frameworks */,
			);
			sourceTree = "<group>";
		};
		1214C3EE24FB9CE900583C04 /* Products */ = {
			isa = PBXGroup;
			children = (
				1214C3ED24FB9CE900583C04 /* SpoolingSimulator.app */,
			);
			name = Products;
			sourceTree = "<group>";
		};
		1214C3EF24FB9CE900583C04 /* SpoolingSimulator */ = {
			isa = PBXGroup;
			children = (
				1214C42D24FEAAD100583C04 /* Model */,
				1214C42C24FEAABF00583C04 /* VC */,
				1214C3F024FB9CE900583C04 /* AppDelegate.swift */,
				1214C3F224FB9CE900583C04 /* SceneDelegate.swift */,
				1214C3F624FB9CE900583C04 /* Main.storyboard */,
				1214C3F924FB9CF100583C04 /* Assets.xcassets */,
				1214C3FB24FB9CF100583C04 /* LaunchScreen.storyboard */,
				1214C3FE24FB9CF100583C04 /* Info.plist */,
			);
			path = SpoolingSimulator;
			sourceTree = "<group>";
		};
		1214C42C24FEAABF00583C04 /* VC */ = {
			isa = PBXGroup;
			children = (
				120A171A2507F4BB000CC96D /* TabBarController.swift */,
				1214C3F424FB9CE900583C04 /* DocumentViewController.swift */,
				1214C42A24FEAAB700583C04 /* PrintViewController.swift */,
				120A171C2507FBED000CC96D /* DocumentCell.swift */,
			);
			path = VC;
			sourceTree = "<group>";
		};
		1214C42D24FEAAD100583C04 /* Model */ = {
			isa = PBXGroup;
			children = (
				1214C42E24FEAAF300583C04 /* Document.swift */,
				1214C43024FEAB0100583C04 /* PrinterProxy.swift */,
				1214C43224FEAB0900583C04 /* Printer.swift */,
				1214C43424FEAB9300583C04 /* Protocol.swift */,
				120A17182507F231000CC96D /* SavedDocument.swift */,
			);
			path = Model;
			sourceTree = "<group>";
		};
		84A7A23B9311C979572BF3C2 /* Pods */ = {
			isa = PBXGroup;
			children = (
				0AFAE113DE42179B287F593A /* Pods-SpoolingSimulator.debug.xcconfig */,
				2484A51C73D66AA26F35E809 /* Pods-SpoolingSimulator.release.xcconfig */,
			);
			path = Pods;
			sourceTree = "<group>";
		};
		FD1291E0263BB9439321A1A0 /* Frameworks */ = {
			isa = PBXGroup;
			children = (
				4CE3ED19F4C9002FD47A81AA /* Pods_SpoolingSimulator.framework */,
			);
			name = Frameworks;
			sourceTree = "<group>";
		};
/* End PBXGroup section */

/* Begin PBXNativeTarget section */
		1214C3EC24FB9CE900583C04 /* SpoolingSimulator */ = {
			isa = PBXNativeTarget;
			buildConfigurationList = 1214C40124FB9CF100583C04 /* Build configuration list for PBXNativeTarget "SpoolingSimulator" */;
			buildPhases = (
				4E94A743DE9EB43ADF7B40F7 /* [CP] Check Pods Manifest.lock */,
				1214C3E924FB9CE900583C04 /* Sources */,
				1214C3EA24FB9CE900583C04 /* Frameworks */,
				1214C3EB24FB9CE900583C04 /* Resources */,
				72C5BE4F8D22FD2FF4B04838 /* [CP] Embed Pods Frameworks */,
			);
			buildRules = (
			);
			dependencies = (
			);
			name = SpoolingSimulator;
			productName = SpoolingSimulator;
			productReference = 1214C3ED24FB9CE900583C04 /* SpoolingSimulator.app */;
			productType = "com.apple.product-type.application";
		};
/* End PBXNativeTarget section */

/* Begin PBXProject section */
		1214C3E524FB9CE900583C04 /* Project object */ = {
			isa = PBXProject;
			attributes = {
				LastSwiftUpdateCheck = 1150;
				LastUpgradeCheck = 1150;
				ORGANIZATIONNAME = serim;
				TargetAttributes = {
					1214C3EC24FB9CE900583C04 = {
						CreatedOnToolsVersion = 11.5;
					};
				};
			};
			buildConfigurationList = 1214C3E824FB9CE900583C04 /* Build configuration list for PBXProject "SpoolingSimulator" */;
			compatibilityVersion = "Xcode 9.3";
			developmentRegion = en;
			hasScannedForEncodings = 0;
			knownRegions = (
				en,
				Base,
			);
			mainGroup = 1214C3E424FB9CE900583C04;
			productRefGroup = 1214C3EE24FB9CE900583C04 /* Products */;
			projectDirPath = "";
			projectRoot = "";
			targets = (
				1214C3EC24FB9CE900583C04 /* SpoolingSimulator */,
			);
		};
/* End PBXProject section */

/* Begin PBXResourcesBuildPhase section */
		1214C3EB24FB9CE900583C04 /* Resources */ = {
			isa = PBXResourcesBuildPhase;
			buildActionMask = 2147483647;
			files = (
				1214C3FD24FB9CF100583C04 /* LaunchScreen.storyboard in Resources */,
				1214C3FA24FB9CF100583C04 /* Assets.xcassets in Resources */,
				1214C3F824FB9CE900583C04 /* Main.storyboard in Resources */,
			);
			runOnlyForDeploymentPostprocessing = 0;
		};
/* End PBXResourcesBuildPhase section */

/* Begin PBXShellScriptBuildPhase section */
		4E94A743DE9EB43ADF7B40F7 /* [CP] Check Pods Manifest.lock */ = {
			isa = PBXShellScriptBuildPhase;
			buildActionMask = 2147483647;
			files = (
			);
			inputFileListPaths = (
			);
			inputPaths = (
				"${PODS_PODFILE_DIR_PATH}/Podfile.lock",
				"${PODS_ROOT}/Manifest.lock",
			);
			name = "[CP] Check Pods Manifest.lock";
			outputFileListPaths = (
			);
			outputPaths = (
				"$(DERIVED_FILE_DIR)/Pods-SpoolingSimulator-checkManifestLockResult.txt",
			);
			runOnlyForDeploymentPostprocessing = 0;
			shellPath = /bin/sh;
			shellScript = "diff \"${PODS_PODFILE_DIR_PATH}/Podfile.lock\" \"${PODS_ROOT}/Manifest.lock\" > /dev/null\nif [ $? != 0 ] ; then\n    # print error to STDERR\n    echo \"error: The sandbox is not in sync with the Podfile.lock. Run 'pod install' or update your CocoaPods installation.\" >&2\n    exit 1\nfi\n# This output is used by Xcode 'outputs' to avoid re-running this script phase.\necho \"SUCCESS\" > \"${SCRIPT_OUTPUT_FILE_0}\"\n";
			showEnvVarsInLog = 0;
		};
		72C5BE4F8D22FD2FF4B04838 /* [CP] Embed Pods Frameworks */ = {
			isa = PBXShellScriptBuildPhase;
			buildActionMask = 2147483647;
			files = (
			);
			inputFileListPaths = (
				"${PODS_ROOT}/Target Support Files/Pods-SpoolingSimulator/Pods-SpoolingSimulator-frameworks-${CONFIGURATION}-input-files.xcfilelist",
			);
			name = "[CP] Embed Pods Frameworks";
			outputFileListPaths = (
				"${PODS_ROOT}/Target Support Files/Pods-SpoolingSimulator/Pods-SpoolingSimulator-frameworks-${CONFIGURATION}-output-files.xcfilelist",
			);
			runOnlyForDeploymentPostprocessing = 0;
			shellPath = /bin/sh;
			shellScript = "\"${PODS_ROOT}/Target Support Files/Pods-SpoolingSimulator/Pods-SpoolingSimulator-frameworks.sh\"\n";
			showEnvVarsInLog = 0;
		};
/* End PBXShellScriptBuildPhase section */

/* Begin PBXSourcesBuildPhase section */
		1214C3E924FB9CE900583C04 /* Sources */ = {
			isa = PBXSourcesBuildPhase;
			buildActionMask = 2147483647;
			files = (
				1214C42B24FEAAB700583C04 /* PrintViewController.swift in Sources */,
				1214C43124FEAB0100583C04 /* PrinterProxy.swift in Sources */,
				1214C3F524FB9CE900583C04 /* DocumentViewController.swift in Sources */,
				120A171B2507F4BB000CC96D /* TabBarController.swift in Sources */,
				120A17192507F231000CC96D /* SavedDocument.swift in Sources */,
				1214C43524FEAB9300583C04 /* Protocol.swift in Sources */,
				1214C3F124FB9CE900583C04 /* AppDelegate.swift in Sources */,
				120A171D2507FBED000CC96D /* DocumentCell.swift in Sources */,
				1214C3F324FB9CE900583C04 /* SceneDelegate.swift in Sources */,
				1214C42F24FEAAF300583C04 /* Document.swift in Sources */,
				1214C43324FEAB0900583C04 /* Printer.swift in Sources */,
			);
			runOnlyForDeploymentPostprocessing = 0;
		};
/* End PBXSourcesBuildPhase section */

/* Begin PBXVariantGroup section */
		1214C3F624FB9CE900583C04 /* Main.storyboard */ = {
			isa = PBXVariantGroup;
			children = (
				1214C3F724FB9CE900583C04 /* Base */,
			);
			name = Main.storyboard;
			sourceTree = "<group>";
		};
		1214C3FB24FB9CF100583C04 /* LaunchScreen.storyboard */ = {
			isa = PBXVariantGroup;
			children = (
				1214C3FC24FB9CF100583C04 /* Base */,
			);
			name = LaunchScreen.storyboard;
			sourceTree = "<group>";
		};
/* End PBXVariantGroup section */

/* Begin XCBuildConfiguration section */
		1214C3FF24FB9CF100583C04 /* Debug */ = {
			isa = XCBuildConfiguration;
			buildSettings = {
				ALWAYS_SEARCH_USER_PATHS = NO;
				CLANG_ANALYZER_NONNULL = YES;
				CLANG_ANALYZER_NUMBER_OBJECT_CONVERSION = YES_AGGRESSIVE;
				CLANG_CXX_LANGUAGE_STANDARD = "gnu++14";
				CLANG_CXX_LIBRARY = "libc++";
				CLANG_ENABLE_MODULES = YES;
				CLANG_ENABLE_OBJC_ARC = YES;
				CLANG_ENABLE_OBJC_WEAK = YES;
				CLANG_WARN_BLOCK_CAPTURE_AUTORELEASING = YES;
				CLANG_WARN_BOOL_CONVERSION = YES;
				CLANG_WARN_COMMA = YES;
				CLANG_WARN_CONSTANT_CONVERSION = YES;
				CLANG_WARN_DEPRECATED_OBJC_IMPLEMENTATIONS = YES;
				CLANG_WARN_DIRECT_OBJC_ISA_USAGE = YES_ERROR;
				CLANG_WARN_DOCUMENTATION_COMMENTS = YES;
				CLANG_WARN_EMPTY_BODY = YES;
				CLANG_WARN_ENUM_CONVERSION = YES;
				CLANG_WARN_INFINITE_RECURSION = YES;
				CLANG_WARN_INT_CONVERSION = YES;
				CLANG_WARN_NON_LITERAL_NULL_CONVERSION = YES;
				CLANG_WARN_OBJC_IMPLICIT_RETAIN_SELF = YES;
				CLANG_WARN_OBJC_LITERAL_CONVERSION = YES;
				CLANG_WARN_OBJC_ROOT_CLASS = YES_ERROR;
				CLANG_WARN_RANGE_LOOP_ANALYSIS = YES;
				CLANG_WARN_STRICT_PROTOTYPES = YES;
				CLANG_WARN_SUSPICIOUS_MOVE = YES;
				CLANG_WARN_UNGUARDED_AVAILABILITY = YES_AGGRESSIVE;
				CLANG_WARN_UNREACHABLE_CODE = YES;
				CLANG_WARN__DUPLICATE_METHOD_MATCH = YES;
				COPY_PHASE_STRIP = NO;
				DEBUG_INFORMATION_FORMAT = dwarf;
				ENABLE_STRICT_OBJC_MSGSEND = YES;
				ENABLE_TESTABILITY = YES;
				GCC_C_LANGUAGE_STANDARD = gnu11;
				GCC_DYNAMIC_NO_PIC = NO;
				GCC_NO_COMMON_BLOCKS = YES;
				GCC_OPTIMIZATION_LEVEL = 0;
				GCC_PREPROCESSOR_DEFINITIONS = (
					"DEBUG=1",
					"$(inherited)",
				);
				GCC_WARN_64_TO_32_BIT_CONVERSION = YES;
				GCC_WARN_ABOUT_RETURN_TYPE = YES_ERROR;
				GCC_WARN_UNDECLARED_SELECTOR = YES;
				GCC_WARN_UNINITIALIZED_AUTOS = YES_AGGRESSIVE;
				GCC_WARN_UNUSED_FUNCTION = YES;
				GCC_WARN_UNUSED_VARIABLE = YES;
				IPHONEOS_DEPLOYMENT_TARGET = 13.5;
				MTL_ENABLE_DEBUG_INFO = INCLUDE_SOURCE;
				MTL_FAST_MATH = YES;
				ONLY_ACTIVE_ARCH = YES;
				SDKROOT = iphoneos;
				SWIFT_ACTIVE_COMPILATION_CONDITIONS = DEBUG;
				SWIFT_OPTIMIZATION_LEVEL = "-Onone";
			};
			name = Debug;
		};
		1214C40024FB9CF100583C04 /* Release */ = {
			isa = XCBuildConfiguration;
			buildSettings = {
				ALWAYS_SEARCH_USER_PATHS = NO;
				CLANG_ANALYZER_NONNULL = YES;
				CLANG_ANALYZER_NUMBER_OBJECT_CONVERSION = YES_AGGRESSIVE;
				CLANG_CXX_LANGUAGE_STANDARD = "gnu++14";
				CLANG_CXX_LIBRARY = "libc++";
				CLANG_ENABLE_MODULES = YES;
				CLANG_ENABLE_OBJC_ARC = YES;
				CLANG_ENABLE_OBJC_WEAK = YES;
				CLANG_WARN_BLOCK_CAPTURE_AUTORELEASING = YES;
				CLANG_WARN_BOOL_CONVERSION = YES;
				CLANG_WARN_COMMA = YES;
				CLANG_WARN_CONSTANT_CONVERSION = YES;
				CLANG_WARN_DEPRECATED_OBJC_IMPLEMENTATIONS = YES;
				CLANG_WARN_DIRECT_OBJC_ISA_USAGE = YES_ERROR;
				CLANG_WARN_DOCUMENTATION_COMMENTS = YES;
				CLANG_WARN_EMPTY_BODY = YES;
				CLANG_WARN_ENUM_CONVERSION = YES;
				CLANG_WARN_INFINITE_RECURSION = YES;
				CLANG_WARN_INT_CONVERSION = YES;
				CLANG_WARN_NON_LITERAL_NULL_CONVERSION = YES;
				CLANG_WARN_OBJC_IMPLICIT_RETAIN_SELF = YES;
				CLANG_WARN_OBJC_LITERAL_CONVERSION = YES;
				CLANG_WARN_OBJC_ROOT_CLASS = YES_ERROR;
				CLANG_WARN_RANGE_LOOP_ANALYSIS = YES;
				CLANG_WARN_STRICT_PROTOTYPES = YES;
				CLANG_WARN_SUSPICIOUS_MOVE = YES;
				CLANG_WARN_UNGUARDED_AVAILABILITY = YES_AGGRESSIVE;
				CLANG_WARN_UNREACHABLE_CODE = YES;
				CLANG_WARN__DUPLICATE_METHOD_MATCH = YES;
				COPY_PHASE_STRIP = NO;
				DEBUG_INFORMATION_FORMAT = "dwarf-with-dsym";
				ENABLE_NS_ASSERTIONS = NO;
				ENABLE_STRICT_OBJC_MSGSEND = YES;
				GCC_C_LANGUAGE_STANDARD = gnu11;
				GCC_NO_COMMON_BLOCKS = YES;
				GCC_WARN_64_TO_32_BIT_CONVERSION = YES;
				GCC_WARN_ABOUT_RETURN_TYPE = YES_ERROR;
				GCC_WARN_UNDECLARED_SELECTOR = YES;
				GCC_WARN_UNINITIALIZED_AUTOS = YES_AGGRESSIVE;
				GCC_WARN_UNUSED_FUNCTION = YES;
				GCC_WARN_UNUSED_VARIABLE = YES;
				IPHONEOS_DEPLOYMENT_TARGET = 13.5;
				MTL_ENABLE_DEBUG_INFO = NO;
				MTL_FAST_MATH = YES;
				SDKROOT = iphoneos;
				SWIFT_COMPILATION_MODE = wholemodule;
				SWIFT_OPTIMIZATION_LEVEL = "-O";
				VALIDATE_PRODUCT = YES;
			};
			name = Release;
		};
		1214C40224FB9CF100583C04 /* Debug */ = {
			isa = XCBuildConfiguration;
			baseConfigurationReference = 0AFAE113DE42179B287F593A /* Pods-SpoolingSimulator.debug.xcconfig */;
			buildSettings = {
				ASSETCATALOG_COMPILER_APPICON_NAME = AppIcon;
				CODE_SIGN_STYLE = Automatic;
				INFOPLIST_FILE = SpoolingSimulator/Info.plist;
				LD_RUNPATH_SEARCH_PATHS = (
					"$(inherited)",
					"@executable_path/Frameworks",
				);
				PRODUCT_BUNDLE_IDENTIFIER = Example.SpoolingSimulator;
				PRODUCT_NAME = "$(TARGET_NAME)";
				SWIFT_VERSION = 5.0;
				TARGETED_DEVICE_FAMILY = "1,2";
			};
			name = Debug;
		};
		1214C40324FB9CF100583C04 /* Release */ = {
			isa = XCBuildConfiguration;
			baseConfigurationReference = 2484A51C73D66AA26F35E809 /* Pods-SpoolingSimulator.release.xcconfig */;
			buildSettings = {
				ASSETCATALOG_COMPILER_APPICON_NAME = AppIcon;
				CODE_SIGN_STYLE = Automatic;
				INFOPLIST_FILE = SpoolingSimulator/Info.plist;
				LD_RUNPATH_SEARCH_PATHS = (
					"$(inherited)",
					"@executable_path/Frameworks",
				);
				PRODUCT_BUNDLE_IDENTIFIER = Example.SpoolingSimulator;
				PRODUCT_NAME = "$(TARGET_NAME)";
				SWIFT_VERSION = 5.0;
				TARGETED_DEVICE_FAMILY = "1,2";
			};
			name = Release;
		};
/* End XCBuildConfiguration section */

/* Begin XCConfigurationList section */
		1214C3E824FB9CE900583C04 /* Build configuration list for PBXProject "SpoolingSimulator" */ = {
			isa = XCConfigurationList;
			buildConfigurations = (
				1214C3FF24FB9CF100583C04 /* Debug */,
				1214C40024FB9CF100583C04 /* Release */,
			);
			defaultConfigurationIsVisible = 0;
			defaultConfigurationName = Release;
		};
		1214C40124FB9CF100583C04 /* Build configuration list for PBXNativeTarget "SpoolingSimulator" */ = {
			isa = XCConfigurationList;
			buildConfigurations = (
				1214C40224FB9CF100583C04 /* Debug */,
				1214C40324FB9CF100583C04 /* Release */,
			);
			defaultConfigurationIsVisible = 0;
			defaultConfigurationName = Release;
		};
/* End XCConfigurationList section */
	};
	rootObject = 1214C3E524FB9CE900583C04 /* Project object */;
}
